{
  "originHash" : "747782f0aa92f1cbbe91a3eb42f67022e813dc716dddef7d80c117aa2109e8cb",
  "pins" : [
    {
      "identity" : "shieldfraud-spm",
      "kind" : "remoteSourceControl",
      "location" : "https://github.com/shield-ai-technology/shieldfraud-spm.git",
      "state" : {
        "revision" : "53dabc5c587f56c8f490a13b5cc7ee3f0e74975b",
        "version" : "1.5.36"
      }
    }
  ],
  "version" : 3
}
