{
  "originHash" : "c7ce617e2ebe02ab805479d8db7409a190bc3924c853116f047ea2cee9a1ab3b",
  "pins" : [
    {
      "identity" : "shieldfraud-spm",
      "kind" : "remoteSourceControl",
      "location" : "https://github.com/shield-ai-technology/shieldfraud-spm.git",
      "state" : {
        "revision" : "792f83385a30efcaf1bf26eb83937b786dadf552",
        "version" : "1.5.37"
      }
    }
  ],
  "version" : 3
}
