{
  "originHash" : "7b10d3c514829179a374c4f19231d1bd2b3d44cd20d9b0ebbdfeccdff5c4232c",
  "pins" : [
    {
      "identity" : "shieldfraud-spm",
      "kind" : "remoteSourceControl",
      "location" : "https://github.com/shield-ai-technology/shieldfraud-spm.git",
      "state" : {
        "branch" : "main",
        "revision" : "3787cca8d5e944891465e6dd317712623c676dd7"
      }
    }
  ],
  "version" : 3
}
