// !$*UTF8*$!
{
	archiveVersion = 1;
	classes = {
	};
	objectVersion = 56;
	objects = {

/* Begin PBXBuildFile section */
		4D4D05742BA0586200723570 /* AppDelegate.swift in Sources */ = {isa = PBXBuildFile; fileRef = 4D4D05732BA0586200723570 /* AppDelegate.swift */; };
		4D4D05762BA0586200723570 /* SceneDelegate.swift in Sources */ = {isa = PBXBuildFile; fileRef = 4D4D05752BA0586200723570 /* SceneDelegate.swift */; };
		4D4D05782BA0586200723570 /* ViewController.swift in Sources */ = {isa = PBXBuildFile; fileRef = 4D4D05772BA0586200723570 /* ViewController.swift */; };
		4D4D057B2BA0586200723570 /* Base in Resources */ = {isa = PBXBuildFile; fileRef = 4D4D057A2BA0586200723570 /* Base */; };
		4D4D057D2BA0586400723570 /* Assets.xcassets in Resources */ = {isa = PBXBuildFile; fileRef = 4D4D057C2BA0586400723570 /* Assets.xcassets */; };
		4D4D05802BA0586400723570 /* Base in Resources */ = {isa = PBXBuildFile; fileRef = 4D4D057F2BA0586400723570 /* Base */; };
		4D4D058B2BA0586400723570 /* ShieldBehavioural_SPM_DemoTests.swift in Sources */ = {isa = PBXBuildFile; fileRef = 4D4D058A2BA0586400723570 /* ShieldBehavioural_SPM_DemoTests.swift */; };
		4D4D05952BA0586400723570 /* ShieldBehavioural_SPM_DemoUITests.swift in Sources */ = {isa = PBXBuildFile; fileRef = 4D4D05942BA0586400723570 /* ShieldBehavioural_SPM_DemoUITests.swift */; };
		4D4D05972BA0586400723570 /* ShieldBehavioural_SPM_DemoUITestsLaunchTests.swift in Sources */ = {isa = PBXBuildFile; fileRef = 4D4D05962BA0586400723570 /* ShieldBehavioural_SPM_DemoUITestsLaunchTests.swift */; };
		4D4D05A52BA0589600723570 /* BehaviouralAnalysis in Frameworks */ = {isa = PBXBuildFile; productRef = 4D4D05A42BA0589600723570 /* BehaviouralAnalysis */; };
/* End PBXBuildFile section */

/* Begin PBXContainerItemProxy section */
		4D4D05872BA0586400723570 /* PBXContainerItemProxy */ = {
			isa = PBXContainerItemProxy;
			containerPortal = 4D4D05682BA0586200723570 /* Project object */;
			proxyType = 1;
			remoteGlobalIDString = 4D4D056F2BA0586200723570;
			remoteInfo = "ShieldBehavioural-SPM-Demo";
		};
		4D4D05912BA0586400723570 /* PBXContainerItemProxy */ = {
			isa = PBXContainerItemProxy;
			containerPortal = 4D4D05682BA0586200723570 /* Project object */;
			proxyType = 1;
			remoteGlobalIDString = 4D4D056F2BA0586200723570;
			remoteInfo = "ShieldBehavioural-SPM-Demo";
		};
/* End PBXContainerItemProxy section */

/* Begin PBXFileReference section */
		4D4D05702BA0586200723570 /* ShieldBehavioural-SPM-Demo.app */ = {isa = PBXFileReference; explicitFileType = wrapper.application; includeInIndex = 0; path = "ShieldBehavioural-SPM-Demo.app"; sourceTree = BUILT_PRODUCTS_DIR; };
		4D4D05732BA0586200723570 /* AppDelegate.swift */ = {isa = PBXFileReference; lastKnownFileType = sourcecode.swift; path = AppDelegate.swift; sourceTree = "<group>"; };
		4D4D05752BA0586200723570 /* SceneDelegate.swift */ = {isa = PBXFileReference; lastKnownFileType = sourcecode.swift; path = SceneDelegate.swift; sourceTree = "<group>"; };
		4D4D05772BA0586200723570 /* ViewController.swift */ = {isa = PBXFileReference; lastKnownFileType = sourcecode.swift; path = ViewController.swift; sourceTree = "<group>"; };
		4D4D057A2BA0586200723570 /* Base */ = {isa = PBXFileReference; lastKnownFileType = file.storyboard; name = Base; path = Base.lproj/Main.storyboard; sourceTree = "<group>"; };
		4D4D057C2BA0586400723570 /* Assets.xcassets */ = {isa = PBXFileReference; lastKnownFileType = folder.assetcatalog; path = Assets.xcassets; sourceTree = "<group>"; };
		4D4D057F2BA0586400723570 /* Base */ = {isa = PBXFileReference; lastKnownFileType = file.storyboard; name = Base; path = Base.lproj/LaunchScreen.storyboard; sourceTree = "<group>"; };
		4D4D05812BA0586400723570 /* Info.plist */ = {isa = PBXFileReference; lastKnownFileType = text.plist.xml; path = Info.plist; sourceTree = "<group>"; };
		4D4D05862BA0586400723570 /* ShieldBehavioural-SPM-DemoTests.xctest */ = {isa = PBXFileReference; explicitFileType = wrapper.cfbundle; includeInIndex = 0; path = "ShieldBehavioural-SPM-DemoTests.xctest"; sourceTree = BUILT_PRODUCTS_DIR; };
		4D4D058A2BA0586400723570 /* ShieldBehavioural_SPM_DemoTests.swift */ = {isa = PBXFileReference; lastKnownFileType = sourcecode.swift; path = ShieldBehavioural_SPM_DemoTests.swift; sourceTree = "<group>"; };
		4D4D05902BA0586400723570 /* ShieldBehavioural-SPM-DemoUITests.xctest */ = {isa = PBXFileReference; explicitFileType = wrapper.cfbundle; includeInIndex = 0; path = "ShieldBehavioural-SPM-DemoUITests.xctest"; sourceTree = BUILT_PRODUCTS_DIR; };
		4D4D05942BA0586400723570 /* ShieldBehavioural_SPM_DemoUITests.swift */ = {isa = PBXFileReference; lastKnownFileType = sourcecode.swift; path = ShieldBehavioural_SPM_DemoUITests.swift; sourceTree = "<group>"; };
		4D4D05962BA0586400723570 /* ShieldBehavioural_SPM_DemoUITestsLaunchTests.swift */ = {isa = PBXFileReference; lastKnownFileType = sourcecode.swift; path = ShieldBehavioural_SPM_DemoUITestsLaunchTests.swift; sourceTree = "<group>"; };
/* End PBXFileReference section */

/* Begin PBXFrameworksBuildPhase section */
		4D4D056D2BA0586200723570 /* Frameworks */ = {
			isa = PBXFrameworksBuildPhase;
			buildActionMask = 2147483647;
			files = (
				4D4D05A52BA0589600723570 /* BehaviouralAnalysis in Frameworks */,
			);
			runOnlyForDeploymentPostprocessing = 0;
		};
		4D4D05832BA0586400723570 /* Frameworks */ = {
			isa = PBXFrameworksBuildPhase;
			buildActionMask = 2147483647;
			files = (
			);
			runOnlyForDeploymentPostprocessing = 0;
		};
		4D4D058D2BA0586400723570 /* Frameworks */ = {
			isa = PBXFrameworksBuildPhase;
			buildActionMask = 2147483647;
			files = (
			);
			runOnlyForDeploymentPostprocessing = 0;
		};
/* End PBXFrameworksBuildPhase section */

/* Begin PBXGroup section */
		4D4D05672BA0586200723570 = {
			isa = PBXGroup;
			children = (
				4D4D05722BA0586200723570 /* ShieldBehavioural-SPM-Demo */,
				4D4D05892BA0586400723570 /* ShieldBehavioural-SPM-DemoTests */,
				4D4D05932BA0586400723570 /* ShieldBehavioural-SPM-DemoUITests */,
				4D4D05712BA0586200723570 /* Products */,
			);
			sourceTree = "<group>";
		};
		4D4D05712BA0586200723570 /* Products */ = {
			isa = PBXGroup;
			children = (
				4D4D05702BA0586200723570 /* ShieldBehavioural-SPM-Demo.app */,
				4D4D05862BA0586400723570 /* ShieldBehavioural-SPM-DemoTests.xctest */,
				4D4D05902BA0586400723570 /* ShieldBehavioural-SPM-DemoUITests.xctest */,
			);
			name = Products;
			sourceTree = "<group>";
		};
		4D4D05722BA0586200723570 /* ShieldBehavioural-SPM-Demo */ = {
			isa = PBXGroup;
			children = (
				4D4D05732BA0586200723570 /* AppDelegate.swift */,
				4D4D05752BA0586200723570 /* SceneDelegate.swift */,
				4D4D05772BA0586200723570 /* ViewController.swift */,
				4D4D05792BA0586200723570 /* Main.storyboard */,
				4D4D057C2BA0586400723570 /* Assets.xcassets */,
				4D4D057E2BA0586400723570 /* LaunchScreen.storyboard */,
				4D4D05812BA0586400723570 /* Info.plist */,
			);
			path = "ShieldBehavioural-SPM-Demo";
			sourceTree = "<group>";
		};
		4D4D05892BA0586400723570 /* ShieldBehavioural-SPM-DemoTests */ = {
			isa = PBXGroup;
			children = (
				4D4D058A2BA0586400723570 /* ShieldBehavioural_SPM_DemoTests.swift */,
			);
			path = "ShieldBehavioural-SPM-DemoTests";
			sourceTree = "<group>";
		};
		4D4D05932BA0586400723570 /* ShieldBehavioural-SPM-DemoUITests */ = {
			isa = PBXGroup;
			children = (
				4D4D05942BA0586400723570 /* ShieldBehavioural_SPM_DemoUITests.swift */,
				4D4D05962BA0586400723570 /* ShieldBehavioural_SPM_DemoUITestsLaunchTests.swift */,
			);
			path = "ShieldBehavioural-SPM-DemoUITests";
			sourceTree = "<group>";
		};
/* End PBXGroup section */

/* Begin PBXNativeTarget section */
		4D4D056F2BA0586200723570 /* ShieldBehavioural-SPM-Demo */ = {
			isa = PBXNativeTarget;
			buildConfigurationList = 4D4D059A2BA0586400723570 /* Build configuration list for PBXNativeTarget "ShieldBehavioural-SPM-Demo" */;
			buildPhases = (
				4D4D056C2BA0586200723570 /* Sources */,
				4D4D056D2BA0586200723570 /* Frameworks */,
				4D4D056E2BA0586200723570 /* Resources */,
			);
			buildRules = (
			);
			dependencies = (
			);
			name = "ShieldBehavioural-SPM-Demo";
			packageProductDependencies = (
				4D4D05A42BA0589600723570 /* BehaviouralAnalysis */,
			);
			productName = "ShieldBehavioural-SPM-Demo";
			productReference = 4D4D05702BA0586200723570 /* ShieldBehavioural-SPM-Demo.app */;
			productType = "com.apple.product-type.application";
		};
		4D4D05852BA0586400723570 /* ShieldBehavioural-SPM-DemoTests */ = {
			isa = PBXNativeTarget;
			buildConfigurationList = 4D4D059D2BA0586400723570 /* Build configuration list for PBXNativeTarget "ShieldBehavioural-SPM-DemoTests" */;
			buildPhases = (
				4D4D05822BA0586400723570 /* Sources */,
				4D4D05832BA0586400723570 /* Frameworks */,
				4D4D05842BA0586400723570 /* Resources */,
			);
			buildRules = (
			);
			dependencies = (
				4D4D05882BA0586400723570 /* PBXTargetDependency */,
			);
			name = "ShieldBehavioural-SPM-DemoTests";
			productName = "ShieldBehavioural-SPM-DemoTests";
			productReference = 4D4D05862BA0586400723570 /* ShieldBehavioural-SPM-DemoTests.xctest */;
			productType = "com.apple.product-type.bundle.unit-test";
		};
		4D4D058F2BA0586400723570 /* ShieldBehavioural-SPM-DemoUITests */ = {
			isa = PBXNativeTarget;
			buildConfigurationList = 4D4D05A02BA0586400723570 /* Build configuration list for PBXNativeTarget "ShieldBehavioural-SPM-DemoUITests" */;
			buildPhases = (
				4D4D058C2BA0586400723570 /* Sources */,
				4D4D058D2BA0586400723570 /* Frameworks */,
				4D4D058E2BA0586400723570 /* Resources */,
			);
			buildRules = (
			);
			dependencies = (
				4D4D05922BA0586400723570 /* PBXTargetDependency */,
			);
			name = "ShieldBehavioural-SPM-DemoUITests";
			productName = "ShieldBehavioural-SPM-DemoUITests";
			productReference = 4D4D05902BA0586400723570 /* ShieldBehavioural-SPM-DemoUITests.xctest */;
			productType = "com.apple.product-type.bundle.ui-testing";
		};
/* End PBXNativeTarget section */

/* Begin PBXProject section */
		4D4D05682BA0586200723570 /* Project object */ = {
			isa = PBXProject;
			attributes = {
				BuildIndependentTargetsInParallel = 1;
				LastSwiftUpdateCheck = 1530;
				LastUpgradeCheck = 1530;
				TargetAttributes = {
					4D4D056F2BA0586200723570 = {
						CreatedOnToolsVersion = 15.3;
					};
					4D4D05852BA0586400723570 = {
						CreatedOnToolsVersion = 15.3;
						TestTargetID = 4D4D056F2BA0586200723570;
					};
					4D4D058F2BA0586400723570 = {
						CreatedOnToolsVersion = 15.3;
						TestTargetID = 4D4D056F2BA0586200723570;
					};
				};
			};
			buildConfigurationList = 4D4D056B2BA0586200723570 /* Build configuration list for PBXProject "ShieldBehavioural-SPM-Demo" */;
			compatibilityVersion = "Xcode 14.0";
			developmentRegion = en;
			hasScannedForEncodings = 0;
			knownRegions = (
				en,
				Base,
			);
			mainGroup = 4D4D05672BA0586200723570;
			packageReferences = (
				4D4D05A32BA0589600723570 /* XCRemoteSwiftPackageReference "shield-behavioural-analysis-spm" */,
			);
			productRefGroup = 4D4D05712BA0586200723570 /* Products */;
			projectDirPath = "";
			projectRoot = "";
			targets = (
				4D4D056F2BA0586200723570 /* ShieldBehavioural-SPM-Demo */,
				4D4D05852BA0586400723570 /* ShieldBehavioural-SPM-DemoTests */,
				4D4D058F2BA0586400723570 /* ShieldBehavioural-SPM-DemoUITests */,
			);
		};
/* End PBXProject section */

/* Begin PBXResourcesBuildPhase section */
		4D4D056E2BA0586200723570 /* Resources */ = {
			isa = PBXResourcesBuildPhase;
			buildActionMask = 2147483647;
			files = (
				4D4D057D2BA0586400723570 /* Assets.xcassets in Resources */,
				4D4D05802BA0586400723570 /* Base in Resources */,
				4D4D057B2BA0586200723570 /* Base in Resources */,
			);
			runOnlyForDeploymentPostprocessing = 0;
		};
		4D4D05842BA0586400723570 /* Resources */ = {
			isa = PBXResourcesBuildPhase;
			buildActionMask = 2147483647;
			files = (
			);
			runOnlyForDeploymentPostprocessing = 0;
		};
		4D4D058E2BA0586400723570 /* Resources */ = {
			isa = PBXResourcesBuildPhase;
			buildActionMask = 2147483647;
			files = (
			);
			runOnlyForDeploymentPostprocessing = 0;
		};
/* End PBXResourcesBuildPhase section */

/* Begin PBXSourcesBuildPhase section */
		4D4D056C2BA0586200723570 /* Sources */ = {
			isa = PBXSourcesBuildPhase;
			buildActionMask = 2147483647;
			files = (
				4D4D05782BA0586200723570 /* ViewController.swift in Sources */,
				4D4D05742BA0586200723570 /* AppDelegate.swift in Sources */,
				4D4D05762BA0586200723570 /* SceneDelegate.swift in Sources */,
			);
			runOnlyForDeploymentPostprocessing = 0;
		};
		4D4D05822BA0586400723570 /* Sources */ = {
			isa = PBXSourcesBuildPhase;
			buildActionMask = 2147483647;
			files = (
				4D4D058B2BA0586400723570 /* ShieldBehavioural_SPM_DemoTests.swift in Sources */,
			);
			runOnlyForDeploymentPostprocessing = 0;
		};
		4D4D058C2BA0586400723570 /* Sources */ = {
			isa = PBXSourcesBuildPhase;
			buildActionMask = 2147483647;
			files = (
				4D4D05972BA0586400723570 /* ShieldBehavioural_SPM_DemoUITestsLaunchTests.swift in Sources */,
				4D4D05952BA0586400723570 /* ShieldBehavioural_SPM_DemoUITests.swift in Sources */,
			);
			runOnlyForDeploymentPostprocessing = 0;
		};
/* End PBXSourcesBuildPhase section */

/* Begin PBXTargetDependency section */
		4D4D05882BA0586400723570 /* PBXTargetDependency */ = {
			isa = PBXTargetDependency;
			target = 4D4D056F2BA0586200723570 /* ShieldBehavioural-SPM-Demo */;
			targetProxy = 4D4D05872BA0586400723570 /* PBXContainerItemProxy */;
		};
		4D4D05922BA0586400723570 /* PBXTargetDependency */ = {
			isa = PBXTargetDependency;
			target = 4D4D056F2BA0586200723570 /* ShieldBehavioural-SPM-Demo */;
			targetProxy = 4D4D05912BA0586400723570 /* PBXContainerItemProxy */;
		};
/* End PBXTargetDependency section */

/* Begin PBXVariantGroup section */
		4D4D05792BA0586200723570 /* Main.storyboard */ = {
			isa = PBXVariantGroup;
			children = (
				4D4D057A2BA0586200723570 /* Base */,
			);
			name = Main.storyboard;
			sourceTree = "<group>";
		};
		4D4D057E2BA0586400723570 /* LaunchScreen.storyboard */ = {
			isa = PBXVariantGroup;
			children = (
				4D4D057F2BA0586400723570 /* Base */,
			);
			name = LaunchScreen.storyboard;
			sourceTree = "<group>";
		};
/* End PBXVariantGroup section */

/* Begin XCBuildConfiguration section */
		4D4D05982BA0586400723570 /* Debug */ = {
			isa = XCBuildConfiguration;
			buildSettings = {
				ALWAYS_SEARCH_USER_PATHS = NO;
				ASSETCATALOG_COMPILER_GENERATE_SWIFT_ASSET_SYMBOL_EXTENSIONS = YES;
				CLANG_ANALYZER_NONNULL = YES;
				CLANG_ANALYZER_NUMBER_OBJECT_CONVERSION = YES_AGGRESSIVE;
				CLANG_CXX_LANGUAGE_STANDARD = "gnu++20";
				CLANG_ENABLE_MODULES = YES;
				CLANG_ENABLE_OBJC_ARC = YES;
				CLANG_ENABLE_OBJC_WEAK = YES;
				CLANG_WARN_BLOCK_CAPTURE_AUTORELEASING = YES;
				CLANG_WARN_BOOL_CONVERSION = YES;
				CLANG_WARN_COMMA = YES;
				CLANG_WARN_CONSTANT_CONVERSION = YES;
				CLANG_WARN_DEPRECATED_OBJC_IMPLEMENTATIONS = YES;
				CLANG_WARN_DIRECT_OBJC_ISA_USAGE = YES_ERROR;
				CLANG_WARN_DOCUMENTATION_COMMENTS = YES;
				CLANG_WARN_EMPTY_BODY = YES;
				CLANG_WARN_ENUM_CONVERSION = YES;
				CLANG_WARN_INFINITE_RECURSION = YES;
				CLANG_WARN_INT_CONVERSION = YES;
				CLANG_WARN_NON_LITERAL_NULL_CONVERSION = YES;
				CLANG_WARN_OBJC_IMPLICIT_RETAIN_SELF = YES;
				CLANG_WARN_OBJC_LITERAL_CONVERSION = YES;
				CLANG_WARN_OBJC_ROOT_CLASS = YES_ERROR;
				CLANG_WARN_QUOTED_INCLUDE_IN_FRAMEWORK_HEADER = YES;
				CLANG_WARN_RANGE_LOOP_ANALYSIS = YES;
				CLANG_WARN_STRICT_PROTOTYPES = YES;
				CLANG_WARN_SUSPICIOUS_MOVE = YES;
				CLANG_WARN_UNGUARDED_AVAILABILITY = YES_AGGRESSIVE;
				CLANG_WARN_UNREACHABLE_CODE = YES;
				CLANG_WARN__DUPLICATE_METHOD_MATCH = YES;
				COPY_PHASE_STRIP = NO;
				DEBUG_INFORMATION_FORMAT = dwarf;
				ENABLE_STRICT_OBJC_MSGSEND = YES;
				ENABLE_TESTABILITY = YES;
				ENABLE_USER_SCRIPT_SANDBOXING = YES;
				GCC_C_LANGUAGE_STANDARD = gnu17;
				GCC_DYNAMIC_NO_PIC = NO;
				GCC_NO_COMMON_BLOCKS = YES;
				GCC_OPTIMIZATION_LEVEL = 0;
				GCC_PREPROCESSOR_DEFINITIONS = (
					"DEBUG=1",
					"$(inherited)",
				);
				GCC_WARN_64_TO_32_BIT_CONVERSION = YES;
				GCC_WARN_ABOUT_RETURN_TYPE = YES_ERROR;
				GCC_WARN_UNDECLARED_SELECTOR = YES;
				GCC_WARN_UNINITIALIZED_AUTOS = YES_AGGRESSIVE;
				GCC_WARN_UNUSED_FUNCTION = YES;
				GCC_WARN_UNUSED_VARIABLE = YES;
				IPHONEOS_DEPLOYMENT_TARGET = 17.4;
				LOCALIZATION_PREFERS_STRING_CATALOGS = YES;
				MTL_ENABLE_DEBUG_INFO = INCLUDE_SOURCE;
				MTL_FAST_MATH = YES;
				ONLY_ACTIVE_ARCH = YES;
				SDKROOT = iphoneos;
				SWIFT_ACTIVE_COMPILATION_CONDITIONS = "DEBUG $(inherited)";
				SWIFT_OPTIMIZATION_LEVEL = "-Onone";
			};
			name = Debug;
		};
		4D4D05992BA0586400723570 /* Release */ = {
			isa = XCBuildConfiguration;
			buildSettings = {
				ALWAYS_SEARCH_USER_PATHS = NO;
				ASSETCATALOG_COMPILER_GENERATE_SWIFT_ASSET_SYMBOL_EXTENSIONS = YES;
				CLANG_ANALYZER_NONNULL = YES;
				CLANG_ANALYZER_NUMBER_OBJECT_CONVERSION = YES_AGGRESSIVE;
				CLANG_CXX_LANGUAGE_STANDARD = "gnu++20";
				CLANG_ENABLE_MODULES = YES;
				CLANG_ENABLE_OBJC_ARC = YES;
				CLANG_ENABLE_OBJC_WEAK = YES;
				CLANG_WARN_BLOCK_CAPTURE_AUTORELEASING = YES;
				CLANG_WARN_BOOL_CONVERSION = YES;
				CLANG_WARN_COMMA = YES;
				CLANG_WARN_CONSTANT_CONVERSION = YES;
				CLANG_WARN_DEPRECATED_OBJC_IMPLEMENTATIONS = YES;
				CLANG_WARN_DIRECT_OBJC_ISA_USAGE = YES_ERROR;
				CLANG_WARN_DOCUMENTATION_COMMENTS = YES;
				CLANG_WARN_EMPTY_BODY = YES;
				CLANG_WARN_ENUM_CONVERSION = YES;
				CLANG_WARN_INFINITE_RECURSION = YES;
				CLANG_WARN_INT_CONVERSION = YES;
				CLANG_WARN_NON_LITERAL_NULL_CONVERSION = YES;
				CLANG_WARN_OBJC_IMPLICIT_RETAIN_SELF = YES;
				CLANG_WARN_OBJC_LITERAL_CONVERSION = YES;
				CLANG_WARN_OBJC_ROOT_CLASS = YES_ERROR;
				CLANG_WARN_QUOTED_INCLUDE_IN_FRAMEWORK_HEADER = YES;
				CLANG_WARN_RANGE_LOOP_ANALYSIS = YES;
				CLANG_WARN_STRICT_PROTOTYPES = YES;
				CLANG_WARN_SUSPICIOUS_MOVE = YES;
				CLANG_WARN_UNGUARDED_AVAILABILITY = YES_AGGRESSIVE;
				CLANG_WARN_UNREACHABLE_CODE = YES;
				CLANG_WARN__DUPLICATE_METHOD_MATCH = YES;
				COPY_PHASE_STRIP = NO;
				DEBUG_INFORMATION_FORMAT = "dwarf-with-dsym";
				ENABLE_NS_ASSERTIONS = NO;
				ENABLE_STRICT_OBJC_MSGSEND = YES;
				ENABLE_USER_SCRIPT_SANDBOXING = YES;
				GCC_C_LANGUAGE_STANDARD = gnu17;
				GCC_NO_COMMON_BLOCKS = YES;
				GCC_WARN_64_TO_32_BIT_CONVERSION = YES;
				GCC_WARN_ABOUT_RETURN_TYPE = YES_ERROR;
				GCC_WARN_UNDECLARED_SELECTOR = YES;
				GCC_WARN_UNINITIALIZED_AUTOS = YES_AGGRESSIVE;
				GCC_WARN_UNUSED_FUNCTION = YES;
				GCC_WARN_UNUSED_VARIABLE = YES;
				IPHONEOS_DEPLOYMENT_TARGET = 17.4;
				LOCALIZATION_PREFERS_STRING_CATALOGS = YES;
				MTL_ENABLE_DEBUG_INFO = NO;
				MTL_FAST_MATH = YES;
				SDKROOT = iphoneos;
				SWIFT_COMPILATION_MODE = wholemodule;
				VALIDATE_PRODUCT = YES;
			};
			name = Release;
		};
		4D4D059B2BA0586400723570 /* Debug */ = {
			isa = XCBuildConfiguration;
			buildSettings = {
				ASSETCATALOG_COMPILER_APPICON_NAME = AppIcon;
				ASSETCATALOG_COMPILER_GLOBAL_ACCENT_COLOR_NAME = AccentColor;
				CODE_SIGN_STYLE = Automatic;
				CURRENT_PROJECT_VERSION = 1;
				GENERATE_INFOPLIST_FILE = YES;
				INFOPLIST_FILE = "ShieldBehavioural-SPM-Demo/Info.plist";
				INFOPLIST_KEY_UIApplicationSupportsIndirectInputEvents = YES;
				INFOPLIST_KEY_UILaunchStoryboardName = LaunchScreen;
				INFOPLIST_KEY_UIMainStoryboardFile = Main;
				INFOPLIST_KEY_UISupportedInterfaceOrientations_iPad = "UIInterfaceOrientationPortrait UIInterfaceOrientationPortraitUpsideDown UIInterfaceOrientationLandscapeLeft UIInterfaceOrientationLandscapeRight";
				INFOPLIST_KEY_UISupportedInterfaceOrientations_iPhone = "UIInterfaceOrientationPortrait UIInterfaceOrientationLandscapeLeft UIInterfaceOrientationLandscapeRight";
				LD_RUNPATH_SEARCH_PATHS = (
					"$(inherited)",
					"@executable_path/Frameworks",
				);
				MARKETING_VERSION = 1.0;
				PRODUCT_BUNDLE_IDENTIFIER = "com.deepak.ios.ShieldBehavioural-SPM-Demo";
				PRODUCT_NAME = "$(TARGET_NAME)";
				SWIFT_EMIT_LOC_STRINGS = YES;
				SWIFT_VERSION = 5.0;
				TARGETED_DEVICE_FAMILY = "1,2";
			};
			name = Debug;
		};
		4D4D059C2BA0586400723570 /* Release */ = {
			isa = XCBuildConfiguration;
			buildSettings = {
				ASSETCATALOG_COMPILER_APPICON_NAME = AppIcon;
				ASSETCATALOG_COMPILER_GLOBAL_ACCENT_COLOR_NAME = AccentColor;
				CODE_SIGN_STYLE = Automatic;
				CURRENT_PROJECT_VERSION = 1;
				GENERATE_INFOPLIST_FILE = YES;
				INFOPLIST_FILE = "ShieldBehavioural-SPM-Demo/Info.plist";
				INFOPLIST_KEY_UIApplicationSupportsIndirectInputEvents = YES;
				INFOPLIST_KEY_UILaunchStoryboardName = LaunchScreen;
				INFOPLIST_KEY_UIMainStoryboardFile = Main;
				INFOPLIST_KEY_UISupportedInterfaceOrientations_iPad = "UIInterfaceOrientationPortrait UIInterfaceOrientationPortraitUpsideDown UIInterfaceOrientationLandscapeLeft UIInterfaceOrientationLandscapeRight";
				INFOPLIST_KEY_UISupportedInterfaceOrientations_iPhone = "UIInterfaceOrientationPortrait UIInterfaceOrientationLandscapeLeft UIInterfaceOrientationLandscapeRight";
				LD_RUNPATH_SEARCH_PATHS = (
					"$(inherited)",
					"@executable_path/Frameworks",
				);
				MARKETING_VERSION = 1.0;
				PRODUCT_BUNDLE_IDENTIFIER = "com.deepak.ios.ShieldBehavioural-SPM-Demo";
				PRODUCT_NAME = "$(TARGET_NAME)";
				SWIFT_EMIT_LOC_STRINGS = YES;
				SWIFT_VERSION = 5.0;
				TARGETED_DEVICE_FAMILY = "1,2";
			};
			name = Release;
		};
		4D4D059E2BA0586400723570 /* Debug */ = {
			isa = XCBuildConfiguration;
			buildSettings = {
				ALWAYS_EMBED_SWIFT_STANDARD_LIBRARIES = YES;
				BUNDLE_LOADER = "$(TEST_HOST)";
				CODE_SIGN_STYLE = Automatic;
				CURRENT_PROJECT_VERSION = 1;
				GENERATE_INFOPLIST_FILE = YES;
				IPHONEOS_DEPLOYMENT_TARGET = 17.4;
				MARKETING_VERSION = 1.0;
				PRODUCT_BUNDLE_IDENTIFIER = "com.deepak.ios.ShieldBehavioural-SPM-DemoTests";
				PRODUCT_NAME = "$(TARGET_NAME)";
				SWIFT_EMIT_LOC_STRINGS = NO;
				SWIFT_VERSION = 5.0;
				TARGETED_DEVICE_FAMILY = "1,2";
				TEST_HOST = "$(BUILT_PRODUCTS_DIR)/ShieldBehavioural-SPM-Demo.app/$(BUNDLE_EXECUTABLE_FOLDER_PATH)/ShieldBehavioural-SPM-Demo";
			};
			name = Debug;
		};
		4D4D059F2BA0586400723570 /* Release */ = {
			isa = XCBuildConfiguration;
			buildSettings = {
				ALWAYS_EMBED_SWIFT_STANDARD_LIBRARIES = YES;
				BUNDLE_LOADER = "$(TEST_HOST)";
				CODE_SIGN_STYLE = Automatic;
				CURRENT_PROJECT_VERSION = 1;
				GENERATE_INFOPLIST_FILE = YES;
				IPHONEOS_DEPLOYMENT_TARGET = 17.4;
				MARKETING_VERSION = 1.0;
				PRODUCT_BUNDLE_IDENTIFIER = "com.deepak.ios.ShieldBehavioural-SPM-DemoTests";
				PRODUCT_NAME = "$(TARGET_NAME)";
				SWIFT_EMIT_LOC_STRINGS = NO;
				SWIFT_VERSION = 5.0;
				TARGETED_DEVICE_FAMILY = "1,2";
				TEST_HOST = "$(BUILT_PRODUCTS_DIR)/ShieldBehavioural-SPM-Demo.app/$(BUNDLE_EXECUTABLE_FOLDER_PATH)/ShieldBehavioural-SPM-Demo";
			};
			name = Release;
		};
		4D4D05A12BA0586400723570 /* Debug */ = {
			isa = XCBuildConfiguration;
			buildSettings = {
				ALWAYS_EMBED_SWIFT_STANDARD_LIBRARIES = YES;
				CODE_SIGN_STYLE = Automatic;
				CURRENT_PROJECT_VERSION = 1;
				GENERATE_INFOPLIST_FILE = YES;
				MARKETING_VERSION = 1.0;
				PRODUCT_BUNDLE_IDENTIFIER = "com.deepak.ios.ShieldBehavioural-SPM-DemoUITests";
				PRODUCT_NAME = "$(TARGET_NAME)";
				SWIFT_EMIT_LOC_STRINGS = NO;
				SWIFT_VERSION = 5.0;
				TARGETED_DEVICE_FAMILY = "1,2";
				TEST_TARGET_NAME = "ShieldBehavioural-SPM-Demo";
			};
			name = Debug;
		};
		4D4D05A22BA0586400723570 /* Release */ = {
			isa = XCBuildConfiguration;
			buildSettings = {
				ALWAYS_EMBED_SWIFT_STANDARD_LIBRARIES = YES;
				CODE_SIGN_STYLE = Automatic;
				CURRENT_PROJECT_VERSION = 1;
				GENERATE_INFOPLIST_FILE = YES;
				MARKETING_VERSION = 1.0;
				PRODUCT_BUNDLE_IDENTIFIER = "com.deepak.ios.ShieldBehavioural-SPM-DemoUITests";
				PRODUCT_NAME = "$(TARGET_NAME)";
				SWIFT_EMIT_LOC_STRINGS = NO;
				SWIFT_VERSION = 5.0;
				TARGETED_DEVICE_FAMILY = "1,2";
				TEST_TARGET_NAME = "ShieldBehavioural-SPM-Demo";
			};
			name = Release;
		};
/* End XCBuildConfiguration section */

/* Begin XCConfigurationList section */
		4D4D056B2BA0586200723570 /* Build configuration list for PBXProject "ShieldBehavioural-SPM-Demo" */ = {
			isa = XCConfigurationList;
			buildConfigurations = (
				4D4D05982BA0586400723570 /* Debug */,
				4D4D05992BA0586400723570 /* Release */,
			);
			defaultConfigurationIsVisible = 0;
			defaultConfigurationName = Release;
		};
		4D4D059A2BA0586400723570 /* Build configuration list for PBXNativeTarget "ShieldBehavioural-SPM-Demo" */ = {
			isa = XCConfigurationList;
			buildConfigurations = (
				4D4D059B2BA0586400723570 /* Debug */,
				4D4D059C2BA0586400723570 /* Release */,
			);
			defaultConfigurationIsVisible = 0;
			defaultConfigurationName = Release;
		};
		4D4D059D2BA0586400723570 /* Build configuration list for PBXNativeTarget "ShieldBehavioural-SPM-DemoTests" */ = {
			isa = XCConfigurationList;
			buildConfigurations = (
				4D4D059E2BA0586400723570 /* Debug */,
				4D4D059F2BA0586400723570 /* Release */,
			);
			defaultConfigurationIsVisible = 0;
			defaultConfigurationName = Release;
		};
		4D4D05A02BA0586400723570 /* Build configuration list for PBXNativeTarget "ShieldBehavioural-SPM-DemoUITests" */ = {
			isa = XCConfigurationList;
			buildConfigurations = (
				4D4D05A12BA0586400723570 /* Debug */,
				4D4D05A22BA0586400723570 /* Release */,
			);
			defaultConfigurationIsVisible = 0;
			defaultConfigurationName = Release;
		};
/* End XCConfigurationList section */

/* Begin XCRemoteSwiftPackageReference section */
		4D4D05A32BA0589600723570 /* XCRemoteSwiftPackageReference "shield-behavioural-analysis-spm" */ = {
			isa = XCRemoteSwiftPackageReference;
			repositoryURL = "https://github.com/rajdeepak27/shield-behavioural-analysis-spm";
			requirement = {
				branch = main;
				kind = branch;
			};
		};
/* End XCRemoteSwiftPackageReference section */

/* Begin XCSwiftPackageProductDependency section */
		4D4D05A42BA0589600723570 /* BehaviouralAnalysis */ = {
			isa = XCSwiftPackageProductDependency;
			package = 4D4D05A32BA0589600723570 /* XCRemoteSwiftPackageReference "shield-behavioural-analysis-spm" */;
			productName = BehaviouralAnalysis;
		};
/* End XCSwiftPackageProductDependency section */
	};
	rootObject = 4D4D05682BA0586200723570 /* Project object */;
}
